
Microsoft Visual Studio Solution File, Format Version 12.00
# Visual Studio 15
VisualStudioVersion = 15.0.28010.2046
MinimumVisualStudioVersion = 10.0.40219.1
Project("{FAE04EC0-301F-11D3-BF4B-00C04F79EFBC}") = "SamuraiApp", "SamuraiApp\SamuraiApp.csproj", "{64C27AB0-D8B6-4017-8CEB-8AA71594C46E}"
EndProject
Project("{FAE04EC0-301F-11D3-BF4B-00C04F79EFBC}") = "SamuraiApp.Data", "SamuraiApp.Data\SamuraiApp.Data.csproj", "{582BC9D1-6E26-4785-BD29-5874E530C856}"
EndProject
Project("{FAE04EC0-301F-11D3-BF4B-00C04F79EFBC}") = "SamuraiApp.Domain", "SamuraiApp.Domain\SamuraiApp.Domain.csproj", "{4D2BBD8D-B0F3-428E-A601-B631FAB75A5A}"
EndProject
Global
	GlobalSection(SolutionConfigurationPlatforms) = preSolution
		Debug|Any CPU = Debug|Any CPU
		Release|Any CPU = Release|Any CPU
	EndGlobalSection
	GlobalSection(ProjectConfigurationPlatforms) = postSolution
		{64C27AB0-D8B6-4017-8CEB-8AA71594C46E}.Debug|Any CPU.ActiveCfg = Debug|Any CPU
		{64C27AB0-D8B6-4017-8CEB-8AA71594C46E}.Debug|Any CPU.Build.0 = Debug|Any CPU
		{64C27AB0-D8B6-4017-8CEB-8AA71594C46E}.Release|Any CPU.ActiveCfg = Release|Any CPU
		{64C27AB0-D8B6-4017-8CEB-8AA71594C46E}.Release|Any CPU.Build.0 = Release|Any CPU
		{582BC9D1-6E26-4785-BD29-5874E530C856}.Debug|Any CPU.ActiveCfg = Debug|Any CPU
		{582BC9D1-6E26-4785-BD29-5874E530C856}.Debug|Any CPU.Build.0 = Debug|Any CPU
		{582BC9D1-6E26-4785-BD29-5874E530C856}.Release|Any CPU.ActiveCfg = Release|Any CPU
		{582BC9D1-6E26-4785-BD29-5874E530C856}.Release|Any CPU.Build.0 = Release|Any CPU
		{4D2BBD8D-B0F3-428E-A601-B631FAB75A5A}.Debug|Any CPU.ActiveCfg = Debug|Any CPU
		{4D2BBD8D-B0F3-428E-A601-B631FAB75A5A}.Debug|Any CPU.Build.0 = Debug|Any CPU
		{4D2BBD8D-B0F3-428E-A601-B631FAB75A5A}.Release|Any CPU.ActiveCfg = Release|Any CPU
		{4D2BBD8D-B0F3-428E-A601-B631FAB75A5A}.Release|Any CPU.Build.0 = Release|Any CPU
	EndGlobalSection
	GlobalSection(SolutionProperties) = preSolution
		HideSolutionNode = FALSE
	EndGlobalSection
	GlobalSection(ExtensibilityGlobals) = postSolution
		SolutionGuid = {AB972810-7F2F-4EB9-81F9-E2599CD1A51B}
	EndGlobalSection
EndGlobal
